
Microsoft Visual Studio Solution File, Format Version 12.00
# Visual Studio Version 17
VisualStudioVersion = 17.14.36429.23 d17.14
MinimumVisualStudioVersion = 10.0.40219.1
Project("{FAE04EC0-301F-11D3-BF4B-00C04F79EFBC}") = "ExcelToWordConverter", "ExcelToWordConverter\ExcelToWordConverter.csproj", "{D3044BF6-3E07-465E-97AD-B01479EC859C}"
EndProject
Global
	GlobalSection(SolutionConfigurationPlatforms) = preSolution
		Debug|Any CPU = Debug|Any CPU
		Release|Any CPU = Release|Any CPU
	EndGlobalSection
	GlobalSection(ProjectConfigurationPlatforms) = postSolution
		{D3044BF6-3E07-465E-97AD-B01479EC859C}.Debug|Any CPU.ActiveCfg = Debug|Any CPU
		{D3044BF6-3E07-465E-97AD-B01479EC859C}.Debug|Any CPU.Build.0 = Debug|Any CPU
		{D3044BF6-3E07-465E-97AD-B01479EC859C}.Release|Any CPU.ActiveCfg = Release|Any CPU
		{D3044BF6-3E07-465E-97AD-B01479EC859C}.Release|Any CPU.Build.0 = Release|Any CPU
	EndGlobalSection
	GlobalSection(SolutionProperties) = preSolution
		HideSolutionNode = FALSE
	EndGlobalSection
	GlobalSection(ExtensibilityGlobals) = postSolution
		SolutionGuid = {F9A85D2E-FE47-4C78-832B-4EB5A6AECEA9}
	EndGlobalSection
EndGlobal
